
Microsoft Visual Studio Solution File, Format Version 12.00
# Visual Studio 15
VisualStudioVersion = 15.0.28307.705
MinimumVisualStudioVersion = 10.0.40219.1
Project("{FAE04EC0-301F-11D3-BF4B-00C04F79EFBC}") = "App_Base_XF.Android", "App_Base_XF\App_Base_XF.Android\App_Base_XF.Android.csproj", "{AB4C7ECA-F9CC-4140-9B69-7CD3B0E046DB}"
EndProject
Project("{FAE04EC0-301F-11D3-BF4B-00C04F79EFBC}") = "App_Base_XF.iOS", "App_Base_XF\App_Base_XF.iOS\App_Base_XF.iOS.csproj", "{9343C49E-09D1-4FE7-90B9-835D58558B5F}"
EndProject
Project("{FAE04EC0-301F-11D3-BF4B-00C04F79EFBC}") = "App_Base_XF", "App_Base_XF\App_Base_XF\App_Base_XF.csproj", "{2C489211-C965-4FC7-85F4-AAF1C18B301A}"
EndProject
Global
	GlobalSection(SolutionConfigurationPlatforms) = preSolution
		Ad-Hoc|Any CPU = Ad-Hoc|Any CPU
		Ad-Hoc|iPhone = Ad-Hoc|iPhone
		Ad-Hoc|iPhoneSimulator = Ad-Hoc|iPhoneSimulator
		AppStore|Any CPU = AppStore|Any CPU
		AppStore|iPhone = AppStore|iPhone
		AppStore|iPhoneSimulator = AppStore|iPhoneSimulator
		Debug|Any CPU = Debug|Any CPU
		Debug|iPhone = Debug|iPhone
		Debug|iPhoneSimulator = Debug|iPhoneSimulator
		Release|Any CPU = Release|Any CPU
		Release|iPhone = Release|iPhone
		Release|iPhoneSimulator = Release|iPhoneSimulator
	EndGlobalSection
	GlobalSection(ProjectConfigurationPlatforms) = postSolution
		{AB4C7ECA-F9CC-4140-9B69-7CD3B0E046DB}.Ad-Hoc|Any CPU.ActiveCfg = Release|Any CPU
		{AB4C7ECA-F9CC-4140-9B69-7CD3B0E046DB}.Ad-Hoc|Any CPU.Build.0 = Release|Any CPU
		{AB4C7ECA-F9CC-4140-9B69-7CD3B0E046DB}.Ad-Hoc|Any CPU.Deploy.0 = Release|Any CPU
		{AB4C7ECA-F9CC-4140-9B69-7CD3B0E046DB}.Ad-Hoc|iPhone.ActiveCfg = Release|Any CPU
		{AB4C7ECA-F9CC-4140-9B69-7CD3B0E046DB}.Ad-Hoc|iPhone.Build.0 = Release|Any CPU
		{AB4C7ECA-F9CC-4140-9B69-7CD3B0E046DB}.Ad-Hoc|iPhone.Deploy.0 = Release|Any CPU
		{AB4C7ECA-F9CC-4140-9B69-7CD3B0E046DB}.Ad-Hoc|iPhoneSimulator.ActiveCfg = Release|Any CPU
		{AB4C7ECA-F9CC-4140-9B69-7CD3B0E046DB}.Ad-Hoc|iPhoneSimulator.Build.0 = Release|Any CPU
		{AB4C7ECA-F9CC-4140-9B69-7CD3B0E046DB}.Ad-Hoc|iPhoneSimulator.Deploy.0 = Release|Any CPU
		{AB4C7ECA-F9CC-4140-9B69-7CD3B0E046DB}.AppStore|Any CPU.ActiveCfg = Release|Any CPU
		{AB4C7ECA-F9CC-4140-9B69-7CD3B0E046DB}.AppStore|Any CPU.Build.0 = Release|Any CPU
		{AB4C7ECA-F9CC-4140-9B69-7CD3B0E046DB}.AppStore|Any CPU.Deploy.0 = Release|Any CPU
		{AB4C7ECA-F9CC-4140-9B69-7CD3B0E046DB}.AppStore|iPhone.ActiveCfg = Release|Any CPU
		{AB4C7ECA-F9CC-4140-9B69-7CD3B0E046DB}.AppStore|iPhone.Build.0 = Release|Any CPU
		{AB4C7ECA-F9CC-4140-9B69-7CD3B0E046DB}.AppStore|iPhone.Deploy.0 = Release|Any CPU
		{AB4C7ECA-F9CC-4140-9B69-7CD3B0E046DB}.AppStore|iPhoneSimulator.ActiveCfg = Release|Any CPU
		{AB4C7ECA-F9CC-4140-9B69-7CD3B0E046DB}.AppStore|iPhoneSimulator.Build.0 = Release|Any CPU
		{AB4C7ECA-F9CC-4140-9B69-7CD3B0E046DB}.AppStore|iPhoneSimulator.Deploy.0 = Release|Any CPU
		{AB4C7ECA-F9CC-4140-9B69-7CD3B0E046DB}.Debug|Any CPU.ActiveCfg = Debug|Any CPU
		{AB4C7ECA-F9CC-4140-9B69-7CD3B0E046DB}.Debug|Any CPU.Build.0 = Debug|Any CPU
		{AB4C7ECA-F9CC-4140-9B69-7CD3B0E046DB}.Debug|Any CPU.Deploy.0 = Debug|Any CPU
		{AB4C7ECA-F9CC-4140-9B69-7CD3B0E046DB}.Debug|iPhone.ActiveCfg = Debug|Any CPU
		{AB4C7ECA-F9CC-4140-9B69-7CD3B0E046DB}.Debug|iPhone.Build.0 = Debug|Any CPU
		{AB4C7ECA-F9CC-4140-9B69-7CD3B0E046DB}.Debug|iPhone.Deploy.0 = Debug|Any CPU
		{AB4C7ECA-F9CC-4140-9B69-7CD3B0E046DB}.Debug|iPhoneSimulator.ActiveCfg = Debug|Any CPU
		{AB4C7ECA-F9CC-4140-9B69-7CD3B0E046DB}.Debug|iPhoneSimulator.Build.0 = Debug|Any CPU
		{AB4C7ECA-F9CC-4140-9B69-7CD3B0E046DB}.Debug|iPhoneSimulator.Deploy.0 = Debug|Any CPU
		{AB4C7ECA-F9CC-4140-9B69-7CD3B0E046DB}.Release|Any CPU.ActiveCfg = Release|Any CPU
		{AB4C7ECA-F9CC-4140-9B69-7CD3B0E046DB}.Release|Any CPU.Build.0 = Release|Any CPU
		{AB4C7ECA-F9CC-4140-9B69-7CD3B0E046DB}.Release|Any CPU.Deploy.0 = Release|Any CPU
		{AB4C7ECA-F9CC-4140-9B69-7CD3B0E046DB}.Release|iPhone.ActiveCfg = Release|Any CPU
		{AB4C7ECA-F9CC-4140-9B69-7CD3B0E046DB}.Release|iPhone.Build.0 = Release|Any CPU
		{AB4C7ECA-F9CC-4140-9B69-7CD3B0E046DB}.Release|iPhone.Deploy.0 = Release|Any CPU
		{AB4C7ECA-F9CC-4140-9B69-7CD3B0E046DB}.Release|iPhoneSimulator.ActiveCfg = Release|Any CPU
		{AB4C7ECA-F9CC-4140-9B69-7CD3B0E046DB}.Release|iPhoneSimulator.Build.0 = Release|Any CPU
		{AB4C7ECA-F9CC-4140-9B69-7CD3B0E046DB}.Release|iPhoneSimulator.Deploy.0 = Release|Any CPU
		{9343C49E-09D1-4FE7-90B9-835D58558B5F}.Ad-Hoc|Any CPU.ActiveCfg = Ad-Hoc|iPhone
		{9343C49E-09D1-4FE7-90B9-835D58558B5F}.Ad-Hoc|Any CPU.Build.0 = Ad-Hoc|iPhone
		{9343C49E-09D1-4FE7-90B9-835D58558B5F}.Ad-Hoc|Any CPU.Deploy.0 = Ad-Hoc|iPhone
		{9343C49E-09D1-4FE7-90B9-835D58558B5F}.Ad-Hoc|iPhone.ActiveCfg = Ad-Hoc|iPhone
		{9343C49E-09D1-4FE7-90B9-835D58558B5F}.Ad-Hoc|iPhone.Build.0 = Ad-Hoc|iPhone
		{9343C49E-09D1-4FE7-90B9-835D58558B5F}.Ad-Hoc|iPhone.Deploy.0 = Ad-Hoc|iPhone
		{9343C49E-09D1-4FE7-90B9-835D58558B5F}.Ad-Hoc|iPhoneSimulator.ActiveCfg = Ad-Hoc|iPhoneSimulator
		{9343C49E-09D1-4FE7-90B9-835D58558B5F}.Ad-Hoc|iPhoneSimulator.Build.0 = Ad-Hoc|iPhoneSimulator
		{9343C49E-09D1-4FE7-90B9-835D58558B5F}.Ad-Hoc|iPhoneSimulator.Deploy.0 = Ad-Hoc|iPhoneSimulator
		{9343C49E-09D1-4FE7-90B9-835D58558B5F}.AppStore|Any CPU.ActiveCfg = AppStore|iPhone
		{9343C49E-09D1-4FE7-90B9-835D58558B5F}.AppStore|Any CPU.Build.0 = AppStore|iPhone
		{9343C49E-09D1-4FE7-90B9-835D58558B5F}.AppStore|Any CPU.Deploy.0 = AppStore|iPhone
		{9343C49E-09D1-4FE7-90B9-835D58558B5F}.AppStore|iPhone.ActiveCfg = AppStore|iPhone
		{9343C49E-09D1-4FE7-90B9-835D58558B5F}.AppStore|iPhone.Build.0 = AppStore|iPhone
		{9343C49E-09D1-4FE7-90B9-835D58558B5F}.AppStore|iPhone.Deploy.0 = AppStore|iPhone
		{9343C49E-09D1-4FE7-90B9-835D58558B5F}.AppStore|iPhoneSimulator.ActiveCfg = AppStore|iPhoneSimulator
		{9343C49E-09D1-4FE7-90B9-835D58558B5F}.AppStore|iPhoneSimulator.Build.0 = AppStore|iPhoneSimulator
		{9343C49E-09D1-4FE7-90B9-835D58558B5F}.AppStore|iPhoneSimulator.Deploy.0 = AppStore|iPhoneSimulator
		{9343C49E-09D1-4FE7-90B9-835D58558B5F}.Debug|Any CPU.ActiveCfg = Debug|iPhoneSimulator
		{9343C49E-09D1-4FE7-90B9-835D58558B5F}.Debug|Any CPU.Build.0 = Debug|iPhoneSimulator
		{9343C49E-09D1-4FE7-90B9-835D58558B5F}.Debug|Any CPU.Deploy.0 = Debug|iPhoneSimulator
		{9343C49E-09D1-4FE7-90B9-835D58558B5F}.Debug|iPhone.ActiveCfg = Debug|iPhone
		{9343C49E-09D1-4FE7-90B9-835D58558B5F}.Debug|iPhone.Build.0 = Debug|iPhone
		{9343C49E-09D1-4FE7-90B9-835D58558B5F}.Debug|iPhone.Deploy.0 = Debug|iPhone
		{9343C49E-09D1-4FE7-90B9-835D58558B5F}.Debug|iPhoneSimulator.ActiveCfg = Debug|iPhoneSimulator
		{9343C49E-09D1-4FE7-90B9-835D58558B5F}.Debug|iPhoneSimulator.Build.0 = Debug|iPhoneSimulator
		{9343C49E-09D1-4FE7-90B9-835D58558B5F}.Debug|iPhoneSimulator.Deploy.0 = Debug|iPhoneSimulator
		{9343C49E-09D1-4FE7-90B9-835D58558B5F}.Release|Any CPU.ActiveCfg = Release|iPhone
		{9343C49E-09D1-4FE7-90B9-835D58558B5F}.Release|Any CPU.Build.0 = Release|iPhone
		{9343C49E-09D1-4FE7-90B9-835D58558B5F}.Release|Any CPU.Deploy.0 = Release|iPhone
		{9343C49E-09D1-4FE7-90B9-835D58558B5F}.Release|iPhone.ActiveCfg = Release|iPhone
		{9343C49E-09D1-4FE7-90B9-835D58558B5F}.Release|iPhone.Build.0 = Release|iPhone
		{9343C49E-09D1-4FE7-90B9-835D58558B5F}.Release|iPhone.Deploy.0 = Release|iPhone
		{9343C49E-09D1-4FE7-90B9-835D58558B5F}.Release|iPhoneSimulator.ActiveCfg = Release|iPhoneSimulator
		{9343C49E-09D1-4FE7-90B9-835D58558B5F}.Release|iPhoneSimulator.Build.0 = Release|iPhoneSimulator
		{9343C49E-09D1-4FE7-90B9-835D58558B5F}.Release|iPhoneSimulator.Deploy.0 = Release|iPhoneSimulator
		{2C489211-C965-4FC7-85F4-AAF1C18B301A}.Ad-Hoc|Any CPU.ActiveCfg = Debug|Any CPU
		{2C489211-C965-4FC7-85F4-AAF1C18B301A}.Ad-Hoc|Any CPU.Build.0 = Debug|Any CPU
		{2C489211-C965-4FC7-85F4-AAF1C18B301A}.Ad-Hoc|Any CPU.Deploy.0 = Debug|Any CPU
		{2C489211-C965-4FC7-85F4-AAF1C18B301A}.Ad-Hoc|iPhone.ActiveCfg = Debug|Any CPU
		{2C489211-C965-4FC7-85F4-AAF1C18B301A}.Ad-Hoc|iPhone.Build.0 = Debug|Any CPU
		{2C489211-C965-4FC7-85F4-AAF1C18B301A}.Ad-Hoc|iPhone.Deploy.0 = Debug|Any CPU
		{2C489211-C965-4FC7-85F4-AAF1C18B301A}.Ad-Hoc|iPhoneSimulator.ActiveCfg = Debug|Any CPU
		{2C489211-C965-4FC7-85F4-AAF1C18B301A}.Ad-Hoc|iPhoneSimulator.Build.0 = Debug|Any CPU
		{2C489211-C965-4FC7-85F4-AAF1C18B301A}.Ad-Hoc|iPhoneSimulator.Deploy.0 = Debug|Any CPU
		{2C489211-C965-4FC7-85F4-AAF1C18B301A}.AppStore|Any CPU.ActiveCfg = Debug|Any CPU
		{2C489211-C965-4FC7-85F4-AAF1C18B301A}.AppStore|Any CPU.Build.0 = Debug|Any CPU
		{2C489211-C965-4FC7-85F4-AAF1C18B301A}.AppStore|Any CPU.Deploy.0 = Debug|Any CPU
		{2C489211-C965-4FC7-85F4-AAF1C18B301A}.AppStore|iPhone.ActiveCfg = Debug|Any CPU
		{2C489211-C965-4FC7-85F4-AAF1C18B301A}.AppStore|iPhone.Build.0 = Debug|Any CPU
		{2C489211-C965-4FC7-85F4-AAF1C18B301A}.AppStore|iPhone.Deploy.0 = Debug|Any CPU
		{2C489211-C965-4FC7-85F4-AAF1C18B301A}.AppStore|iPhoneSimulator.ActiveCfg = Debug|Any CPU
		{2C489211-C965-4FC7-85F4-AAF1C18B301A}.AppStore|iPhoneSimulator.Build.0 = Debug|Any CPU
		{2C489211-C965-4FC7-85F4-AAF1C18B301A}.AppStore|iPhoneSimulator.Deploy.0 = Debug|Any CPU
		{2C489211-C965-4FC7-85F4-AAF1C18B301A}.Debug|Any CPU.ActiveCfg = Debug|Any CPU
		{2C489211-C965-4FC7-85F4-AAF1C18B301A}.Debug|Any CPU.Build.0 = Debug|Any CPU
		{2C489211-C965-4FC7-85F4-AAF1C18B301A}.Debug|Any CPU.Deploy.0 = Debug|Any CPU
		{2C489211-C965-4FC7-85F4-AAF1C18B301A}.Debug|iPhone.ActiveCfg = Debug|Any CPU
		{2C489211-C965-4FC7-85F4-AAF1C18B301A}.Debug|iPhone.Build.0 = Debug|Any CPU
		{2C489211-C965-4FC7-85F4-AAF1C18B301A}.Debug|iPhone.Deploy.0 = Debug|Any CPU
		{2C489211-C965-4FC7-85F4-AAF1C18B301A}.Debug|iPhoneSimulator.ActiveCfg = Debug|Any CPU
		{2C489211-C965-4FC7-85F4-AAF1C18B301A}.Debug|iPhoneSimulator.Build.0 = Debug|Any CPU
		{2C489211-C965-4FC7-85F4-AAF1C18B301A}.Debug|iPhoneSimulator.Deploy.0 = Debug|Any CPU
		{2C489211-C965-4FC7-85F4-AAF1C18B301A}.Release|Any CPU.ActiveCfg = Release|Any CPU
		{2C489211-C965-4FC7-85F4-AAF1C18B301A}.Release|Any CPU.Build.0 = Release|Any CPU
		{2C489211-C965-4FC7-85F4-AAF1C18B301A}.Release|Any CPU.Deploy.0 = Release|Any CPU
		{2C489211-C965-4FC7-85F4-AAF1C18B301A}.Release|iPhone.ActiveCfg = Release|Any CPU
		{2C489211-C965-4FC7-85F4-AAF1C18B301A}.Release|iPhone.Build.0 = Release|Any CPU
		{2C489211-C965-4FC7-85F4-AAF1C18B301A}.Release|iPhone.Deploy.0 = Release|Any CPU
		{2C489211-C965-4FC7-85F4-AAF1C18B301A}.Release|iPhoneSimulator.ActiveCfg = Release|Any CPU
		{2C489211-C965-4FC7-85F4-AAF1C18B301A}.Release|iPhoneSimulator.Build.0 = Release|Any CPU
		{2C489211-C965-4FC7-85F4-AAF1C18B301A}.Release|iPhoneSimulator.Deploy.0 = Release|Any CPU
	EndGlobalSection
	GlobalSection(SolutionProperties) = preSolution
		HideSolutionNode = FALSE
	EndGlobalSection
	GlobalSection(ExtensibilityGlobals) = postSolution
		SolutionGuid = {18171536-C03E-467A-AE80-C60E08656155}
	EndGlobalSection
EndGlobal
